// !$*UTF8*$!
{
	archiveVersion = 1;
	classes = {
	};
	objectVersion = 77;
	objects = {

/* Begin PBXContainerItemProxy section */
		DBE33DE02DB5DC50006BEF93 /* PBXContainerItemProxy */ = {
			isa = PBXContainerItemProxy;
			containerPortal = DBE33DCA2DB5DC4E006BEF93 /* Project object */;
			proxyType = 1;
			remoteGlobalIDString = DBE33DD12DB5DC4E006BEF93;
			remoteInfo = OnlineGrocery;
		};
		DBE33DEA2DB5DC50006BEF93 /* PBXContainerItemProxy */ = {
			isa = PBXContainerItemProxy;
			containerPortal = DBE33DCA2DB5DC4E006BEF93 /* Project object */;
			proxyType = 1;
			remoteGlobalIDString = DBE33DD12DB5DC4E006BEF93;
			remoteInfo = OnlineGrocery;
		};
/* End PBXContainerItemProxy section */

/* Begin PBXFileReference section */
		DBE33DD22DB5DC4E006BEF93 /* OnlineGrocery.app */ = {isa = PBXFileReference; explicitFileType = wrapper.application; includeInIndex = 0; path = OnlineGrocery.app; sourceTree = BUILT_PRODUCTS_DIR; };
		DBE33DDF2DB5DC50006BEF93 /* OnlineGroceryTests.xctest */ = {isa = PBXFileReference; explicitFileType = wrapper.cfbundle; includeInIndex = 0; path = OnlineGroceryTests.xctest; sourceTree = BUILT_PRODUCTS_DIR; };
		DBE33DE92DB5DC50006BEF93 /* OnlineGroceryUITests.xctest */ = {isa = PBXFileReference; explicitFileType = wrapper.cfbundle; includeInIndex = 0; path = OnlineGroceryUITests.xctest; sourceTree = BUILT_PRODUCTS_DIR; };
/* End PBXFileReference section */

/* Begin PBXFileSystemSynchronizedRootGroup section */
		DBE33DD42DB5DC4E006BEF93 /* OnlineGrocery */ = {
			isa = PBXFileSystemSynchronizedRootGroup;
			path = OnlineGrocery;
			sourceTree = "<group>";
		};
		DBE33DE22DB5DC50006BEF93 /* OnlineGroceryTests */ = {
			isa = PBXFileSystemSynchronizedRootGroup;
			path = OnlineGroceryTests;
			sourceTree = "<group>";
		};
		DBE33DEC2DB5DC50006BEF93 /* OnlineGroceryUITests */ = {
			isa = PBXFileSystemSynchronizedRootGroup;
			path = OnlineGroceryUITests;
			sourceTree = "<group>";
		};
/* End PBXFileSystemSynchronizedRootGroup section */

/* Begin PBXFrameworksBuildPhase section */
		DBE33DCF2DB5DC4E006BEF93 /* Frameworks */ = {
			isa = PBXFrameworksBuildPhase;
			buildActionMask = 2147483647;
			files = (
			);
			runOnlyForDeploymentPostprocessing = 0;
		};
		DBE33DDC2DB5DC50006BEF93 /* Frameworks */ = {
			isa = PBXFrameworksBuildPhase;
			buildActionMask = 2147483647;
			files = (
			);
			runOnlyForDeploymentPostprocessing = 0;
		};
		DBE33DE62DB5DC50006BEF93 /* Frameworks */ = {
			isa = PBXFrameworksBuildPhase;
			buildActionMask = 2147483647;
			files = (
			);
			runOnlyForDeploymentPostprocessing = 0;
		};
/* End PBXFrameworksBuildPhase section */

/* Begin PBXGroup section */
		DBE33DC92DB5DC4E006BEF93 = {
			isa = PBXGroup;
			children = (
				DBE33DD42DB5DC4E006BEF93 /* OnlineGrocery */,
				DBE33DE22DB5DC50006BEF93 /* OnlineGroceryTests */,
				DBE33DEC2DB5DC50006BEF93 /* OnlineGroceryUITests */,
				DBE33DD32DB5DC4E006BEF93 /* Products */,
			);
			sourceTree = "<group>";
		};
		DBE33DD32DB5DC4E006BEF93 /* Products */ = {
			isa = PBXGroup;
			children = (
				DBE33DD22DB5DC4E006BEF93 /* OnlineGrocery.app */,
				DBE33DDF2DB5DC50006BEF93 /* OnlineGroceryTests.xctest */,
				DBE33DE92DB5DC50006BEF93 /* OnlineGroceryUITests.xctest */,
			);
			name = Products;
			sourceTree = "<group>";
		};
/* End PBXGroup section */

/* Begin PBXNativeTarget section */
		DBE33DD12DB5DC4E006BEF93 /* OnlineGrocery */ = {
			isa = PBXNativeTarget;
			buildConfigurationList = DBE33DF32DB5DC50006BEF93 /* Build configuration list for PBXNativeTarget "OnlineGrocery" */;
			buildPhases = (
				DBE33DCE2DB5DC4E006BEF93 /* Sources */,
				DBE33DCF2DB5DC4E006BEF93 /* Frameworks */,
				DBE33DD02DB5DC4E006BEF93 /* Resources */,
			);
			buildRules = (
			);
			dependencies = (
			);
			fileSystemSynchronizedGroups = (
				DBE33DD42DB5DC4E006BEF93 /* OnlineGrocery */,
			);
			name = OnlineGrocery;
			packageProductDependencies = (
			);
			productName = OnlineGrocery;
			productReference = DBE33DD22DB5DC4E006BEF93 /* OnlineGrocery.app */;
			productType = "com.apple.product-type.application";
		};
		DBE33DDE2DB5DC50006BEF93 /* OnlineGroceryTests */ = {
			isa = PBXNativeTarget;
			buildConfigurationList = DBE33DF62DB5DC50006BEF93 /* Build configuration list for PBXNativeTarget "OnlineGroceryTests" */;
			buildPhases = (
				DBE33DDB2DB5DC50006BEF93 /* Sources */,
				DBE33DDC2DB5DC50006BEF93 /* Frameworks */,
				DBE33DDD2DB5DC50006BEF93 /* Resources */,
			);
			buildRules = (
			);
			dependencies = (
				DBE33DE12DB5DC50006BEF93 /* PBXTargetDependency */,
			);
			fileSystemSynchronizedGroups = (
				DBE33DE22DB5DC50006BEF93 /* OnlineGroceryTests */,
			);
			name = OnlineGroceryTests;
			packageProductDependencies = (
			);
			productName = OnlineGroceryTests;
			productReference = DBE33DDF2DB5DC50006BEF93 /* OnlineGroceryTests.xctest */;
			productType = "com.apple.product-type.bundle.unit-test";
		};
		DBE33DE82DB5DC50006BEF93 /* OnlineGroceryUITests */ = {
			isa = PBXNativeTarget;
			buildConfigurationList = DBE33DF92DB5DC50006BEF93 /* Build configuration list for PBXNativeTarget "OnlineGroceryUITests" */;
			buildPhases = (
				DBE33DE52DB5DC50006BEF93 /* Sources */,
				DBE33DE62DB5DC50006BEF93 /* Frameworks */,
				DBE33DE72DB5DC50006BEF93 /* Resources */,
			);
			buildRules = (
			);
			dependencies = (
				DBE33DEB2DB5DC50006BEF93 /* PBXTargetDependency */,
			);
			fileSystemSynchronizedGroups = (
				DBE33DEC2DB5DC50006BEF93 /* OnlineGroceryUITests */,
			);
			name = OnlineGroceryUITests;
			packageProductDependencies = (
			);
			productName = OnlineGroceryUITests;
			productReference = DBE33DE92DB5DC50006BEF93 /* OnlineGroceryUITests.xctest */;
			productType = "com.apple.product-type.bundle.ui-testing";
		};
/* End PBXNativeTarget section */

/* Begin PBXProject section */
		DBE33DCA2DB5DC4E006BEF93 /* Project object */ = {
			isa = PBXProject;
			attributes = {
				BuildIndependentTargetsInParallel = 1;
				LastSwiftUpdateCheck = 1630;
				LastUpgradeCheck = 1630;
				TargetAttributes = {
					DBE33DD12DB5DC4E006BEF93 = {
						CreatedOnToolsVersion = 16.3;
					};
					DBE33DDE2DB5DC50006BEF93 = {
						CreatedOnToolsVersion = 16.3;
						TestTargetID = DBE33DD12DB5DC4E006BEF93;
					};
					DBE33DE82DB5DC50006BEF93 = {
						CreatedOnToolsVersion = 16.3;
						TestTargetID = DBE33DD12DB5DC4E006BEF93;
					};
				};
			};
			buildConfigurationList = DBE33DCD2DB5DC4E006BEF93 /* Build configuration list for PBXProject "OnlineGrocery" */;
			developmentRegion = en;
			hasScannedForEncodings = 0;
			knownRegions = (
				en,
				Base,
			);
			mainGroup = DBE33DC92DB5DC4E006BEF93;
			minimizedProjectReferenceProxies = 1;
			preferredProjectObjectVersion = 77;
			productRefGroup = DBE33DD32DB5DC4E006BEF93 /* Products */;
			projectDirPath = "";
			projectRoot = "";
			targets = (
				DBE33DD12DB5DC4E006BEF93 /* OnlineGrocery */,
				DBE33DDE2DB5DC50006BEF93 /* OnlineGroceryTests */,
				DBE33DE82DB5DC50006BEF93 /* OnlineGroceryUITests */,
			);
		};
/* End PBXProject section */

/* Begin PBXResourcesBuildPhase section */
		DBE33DD02DB5DC4E006BEF93 /* Resources */ = {
			isa = PBXResourcesBuildPhase;
			buildActionMask = 2147483647;
			files = (
			);
			runOnlyForDeploymentPostprocessing = 0;
		};
		DBE33DDD2DB5DC50006BEF93 /* Resources */ = {
			isa = PBXResourcesBuildPhase;
			buildActionMask = 2147483647;
			files = (
			);
			runOnlyForDeploymentPostprocessing = 0;
		};
		DBE33DE72DB5DC50006BEF93 /* Resources */ = {
			isa = PBXResourcesBuildPhase;
			buildActionMask = 2147483647;
			files = (
			);
			runOnlyForDeploymentPostprocessing = 0;
		};
/* End PBXResourcesBuildPhase section */

/* Begin PBXSourcesBuildPhase section */
		DBE33DCE2DB5DC4E006BEF93 /* Sources */ = {
			isa = PBXSourcesBuildPhase;
			buildActionMask = 2147483647;
			files = (
			);
			runOnlyForDeploymentPostprocessing = 0;
		};
		DBE33DDB2DB5DC50006BEF93 /* Sources */ = {
			isa = PBXSourcesBuildPhase;
			buildActionMask = 2147483647;
			files = (
			);
			runOnlyForDeploymentPostprocessing = 0;
		};
		DBE33DE52DB5DC50006BEF93 /* Sources */ = {
			isa = PBXSourcesBuildPhase;
			buildActionMask = 2147483647;
			files = (
			);
			runOnlyForDeploymentPostprocessing = 0;
		};
/* End PBXSourcesBuildPhase section */

/* Begin PBXTargetDependency section */
		DBE33DE12DB5DC50006BEF93 /* PBXTargetDependency */ = {
			isa = PBXTargetDependency;
			target = DBE33DD12DB5DC4E006BEF93 /* OnlineGrocery */;
			targetProxy = DBE33DE02DB5DC50006BEF93 /* PBXContainerItemProxy */;
		};
		DBE33DEB2DB5DC50006BEF93 /* PBXTargetDependency */ = {
			isa = PBXTargetDependency;
			target = DBE33DD12DB5DC4E006BEF93 /* OnlineGrocery */;
			targetProxy = DBE33DEA2DB5DC50006BEF93 /* PBXContainerItemProxy */;
		};
/* End PBXTargetDependency section */

/* Begin XCBuildConfiguration section */
		DBE33DF12DB5DC50006BEF93 /* Debug */ = {
			isa = XCBuildConfiguration;
			buildSettings = {
				ALWAYS_SEARCH_USER_PATHS = NO;
				ASSETCATALOG_COMPILER_GENERATE_SWIFT_ASSET_SYMBOL_EXTENSIONS = YES;
				CLANG_ANALYZER_NONNULL = YES;
				CLANG_ANALYZER_NUMBER_OBJECT_CONVERSION = YES_AGGRESSIVE;
				CLANG_CXX_LANGUAGE_STANDARD = "gnu++20";
				CLANG_ENABLE_MODULES = YES;
				CLANG_ENABLE_OBJC_ARC = YES;
				CLANG_ENABLE_OBJC_WEAK = YES;
				CLANG_WARN_BLOCK_CAPTURE_AUTORELEASING = YES;
				CLANG_WARN_BOOL_CONVERSION = YES;
				CLANG_WARN_COMMA = YES;
				CLANG_WARN_CONSTANT_CONVERSION = YES;
				CLANG_WARN_DEPRECATED_OBJC_IMPLEMENTATIONS = YES;
				CLANG_WARN_DIRECT_OBJC_ISA_USAGE = YES_ERROR;
				CLANG_WARN_DOCUMENTATION_COMMENTS = YES;
				CLANG_WARN_EMPTY_BODY = YES;
				CLANG_WARN_ENUM_CONVERSION = YES;
				CLANG_WARN_INFINITE_RECURSION = YES;
				CLANG_WARN_INT_CONVERSION = YES;
				CLANG_WARN_NON_LITERAL_NULL_CONVERSION = YES;
				CLANG_WARN_OBJC_IMPLICIT_RETAIN_SELF = YES;
				CLANG_WARN_OBJC_LITERAL_CONVERSION = YES;
				CLANG_WARN_OBJC_ROOT_CLASS = YES_ERROR;
				CLANG_WARN_QUOTED_INCLUDE_IN_FRAMEWORK_HEADER = YES;
				CLANG_WARN_RANGE_LOOP_ANALYSIS = YES;
				CLANG_WARN_STRICT_PROTOTYPES = YES;
				CLANG_WARN_SUSPICIOUS_MOVE = YES;
				CLANG_WARN_UNGUARDED_AVAILABILITY = YES_AGGRESSIVE;
				CLANG_WARN_UNREACHABLE_CODE = YES;
				CLANG_WARN__DUPLICATE_METHOD_MATCH = YES;
				COPY_PHASE_STRIP = NO;
				DEBUG_INFORMATION_FORMAT = dwarf;
				ENABLE_STRICT_OBJC_MSGSEND = YES;
				ENABLE_TESTABILITY = YES;
				ENABLE_USER_SCRIPT_SANDBOXING = YES;
				GCC_C_LANGUAGE_STANDARD = gnu17;
				GCC_DYNAMIC_NO_PIC = NO;
				GCC_NO_COMMON_BLOCKS = YES;
				GCC_OPTIMIZATION_LEVEL = 0;
				GCC_PREPROCESSOR_DEFINITIONS = (
					"DEBUG=1",
					"$(inherited)",
				);
				GCC_WARN_64_TO_32_BIT_CONVERSION = YES;
				GCC_WARN_ABOUT_RETURN_TYPE = YES_ERROR;
				GCC_WARN_UNDECLARED_SELECTOR = YES;
				GCC_WARN_UNINITIALIZED_AUTOS = YES_AGGRESSIVE;
				GCC_WARN_UNUSED_FUNCTION = YES;
				GCC_WARN_UNUSED_VARIABLE = YES;
				IPHONEOS_DEPLOYMENT_TARGET = 18.4;
				LOCALIZATION_PREFERS_STRING_CATALOGS = YES;
				MTL_ENABLE_DEBUG_INFO = INCLUDE_SOURCE;
				MTL_FAST_MATH = YES;
				ONLY_ACTIVE_ARCH = YES;
				SDKROOT = iphoneos;
				SWIFT_ACTIVE_COMPILATION_CONDITIONS = "DEBUG $(inherited)";
				SWIFT_OPTIMIZATION_LEVEL = "-Onone";
			};
			name = Debug;
		};
		DBE33DF22DB5DC50006BEF93 /* Release */ = {
			isa = XCBuildConfiguration;
			buildSettings = {
				ALWAYS_SEARCH_USER_PATHS = NO;
				ASSETCATALOG_COMPILER_GENERATE_SWIFT_ASSET_SYMBOL_EXTENSIONS = YES;
				CLANG_ANALYZER_NONNULL = YES;
				CLANG_ANALYZER_NUMBER_OBJECT_CONVERSION = YES_AGGRESSIVE;
				CLANG_CXX_LANGUAGE_STANDARD = "gnu++20";
				CLANG_ENABLE_MODULES = YES;
				CLANG_ENABLE_OBJC_ARC = YES;
				CLANG_ENABLE_OBJC_WEAK = YES;
				CLANG_WARN_BLOCK_CAPTURE_AUTORELEASING = YES;
				CLANG_WARN_BOOL_CONVERSION = YES;
				CLANG_WARN_COMMA = YES;
				CLANG_WARN_CONSTANT_CONVERSION = YES;
				CLANG_WARN_DEPRECATED_OBJC_IMPLEMENTATIONS = YES;
				CLANG_WARN_DIRECT_OBJC_ISA_USAGE = YES_ERROR;
				CLANG_WARN_DOCUMENTATION_COMMENTS = YES;
				CLANG_WARN_EMPTY_BODY = YES;
				CLANG_WARN_ENUM_CONVERSION = YES;
				CLANG_WARN_INFINITE_RECURSION = YES;
				CLANG_WARN_INT_CONVERSION = YES;
				CLANG_WARN_NON_LITERAL_NULL_CONVERSION = YES;
				CLANG_WARN_OBJC_IMPLICIT_RETAIN_SELF = YES;
				CLANG_WARN_OBJC_LITERAL_CONVERSION = YES;
				CLANG_WARN_OBJC_ROOT_CLASS = YES_ERROR;
				CLANG_WARN_QUOTED_INCLUDE_IN_FRAMEWORK_HEADER = YES;
				CLANG_WARN_RANGE_LOOP_ANALYSIS = YES;
				CLANG_WARN_STRICT_PROTOTYPES = YES;
				CLANG_WARN_SUSPICIOUS_MOVE = YES;
				CLANG_WARN_UNGUARDED_AVAILABILITY = YES_AGGRESSIVE;
				CLANG_WARN_UNREACHABLE_CODE = YES;
				CLANG_WARN__DUPLICATE_METHOD_MATCH = YES;
				COPY_PHASE_STRIP = NO;
				DEBUG_INFORMATION_FORMAT = "dwarf-with-dsym";
				ENABLE_NS_ASSERTIONS = NO;
				ENABLE_STRICT_OBJC_MSGSEND = YES;
				ENABLE_USER_SCRIPT_SANDBOXING = YES;
				GCC_C_LANGUAGE_STANDARD = gnu17;
				GCC_NO_COMMON_BLOCKS = YES;
				GCC_WARN_64_TO_32_BIT_CONVERSION = YES;
				GCC_WARN_ABOUT_RETURN_TYPE = YES_ERROR;
				GCC_WARN_UNDECLARED_SELECTOR = YES;
				GCC_WARN_UNINITIALIZED_AUTOS = YES_AGGRESSIVE;
				GCC_WARN_UNUSED_FUNCTION = YES;
				GCC_WARN_UNUSED_VARIABLE = YES;
				IPHONEOS_DEPLOYMENT_TARGET = 18.4;
				LOCALIZATION_PREFERS_STRING_CATALOGS = YES;
				MTL_ENABLE_DEBUG_INFO = NO;
				MTL_FAST_MATH = YES;
				SDKROOT = iphoneos;
				SWIFT_COMPILATION_MODE = wholemodule;
				VALIDATE_PRODUCT = YES;
			};
			name = Release;
		};
		DBE33DF42DB5DC50006BEF93 /* Debug */ = {
			isa = XCBuildConfiguration;
			buildSettings = {
				ASSETCATALOG_COMPILER_APPICON_NAME = AppIcon;
				ASSETCATALOG_COMPILER_GLOBAL_ACCENT_COLOR_NAME = AccentColor;
				CODE_SIGN_STYLE = Automatic;
				CURRENT_PROJECT_VERSION = 1;
				ENABLE_PREVIEWS = YES;
				GENERATE_INFOPLIST_FILE = YES;
				INFOPLIST_KEY_UIApplicationSceneManifest_Generation = YES;
				INFOPLIST_KEY_UIApplicationSupportsIndirectInputEvents = YES;
				INFOPLIST_KEY_UILaunchScreen_Generation = YES;
				INFOPLIST_KEY_UISupportedInterfaceOrientations_iPad = "UIInterfaceOrientationPortrait UIInterfaceOrientationPortraitUpsideDown UIInterfaceOrientationLandscapeLeft UIInterfaceOrientationLandscapeRight";
				INFOPLIST_KEY_UISupportedInterfaceOrientations_iPhone = "UIInterfaceOrientationPortrait UIInterfaceOrientationLandscapeLeft UIInterfaceOrientationLandscapeRight";
				LD_RUNPATH_SEARCH_PATHS = (
					"$(inherited)",
					"@executable_path/Frameworks",
				);
				MARKETING_VERSION = 1.0;
				PRODUCT_BUNDLE_IDENTIFIER = com.Campus.OnlineGrocery;
				PRODUCT_NAME = "$(TARGET_NAME)";
				SWIFT_EMIT_LOC_STRINGS = YES;
				SWIFT_VERSION = 5.0;
				TARGETED_DEVICE_FAMILY = "1,2";
			};
			name = Debug;
		};
		DBE33DF52DB5DC50006BEF93 /* Release */ = {
			isa = XCBuildConfiguration;
			buildSettings = {
				ASSETCATALOG_COMPILER_APPICON_NAME = AppIcon;
				ASSETCATALOG_COMPILER_GLOBAL_ACCENT_COLOR_NAME = AccentColor;
				CODE_SIGN_STYLE = Automatic;
				CURRENT_PROJECT_VERSION = 1;
				ENABLE_PREVIEWS = YES;
				GENERATE_INFOPLIST_FILE = YES;
				INFOPLIST_KEY_UIApplicationSceneManifest_Generation = YES;
				INFOPLIST_KEY_UIApplicationSupportsIndirectInputEvents = YES;
				INFOPLIST_KEY_UILaunchScreen_Generation = YES;
				INFOPLIST_KEY_UISupportedInterfaceOrientations_iPad = "UIInterfaceOrientationPortrait UIInterfaceOrientationPortraitUpsideDown UIInterfaceOrientationLandscapeLeft UIInterfaceOrientationLandscapeRight";
				INFOPLIST_KEY_UISupportedInterfaceOrientations_iPhone = "UIInterfaceOrientationPortrait UIInterfaceOrientationLandscapeLeft UIInterfaceOrientationLandscapeRight";
				LD_RUNPATH_SEARCH_PATHS = (
					"$(inherited)",
					"@executable_path/Frameworks",
				);
				MARKETING_VERSION = 1.0;
				PRODUCT_BUNDLE_IDENTIFIER = com.Campus.OnlineGrocery;
				PRODUCT_NAME = "$(TARGET_NAME)";
				SWIFT_EMIT_LOC_STRINGS = YES;
				SWIFT_VERSION = 5.0;
				TARGETED_DEVICE_FAMILY = "1,2";
			};
			name = Release;
		};
		DBE33DF72DB5DC50006BEF93 /* Debug */ = {
			isa = XCBuildConfiguration;
			buildSettings = {
				BUNDLE_LOADER = "$(TEST_HOST)";
				CODE_SIGN_STYLE = Automatic;
				CURRENT_PROJECT_VERSION = 1;
				GENERATE_INFOPLIST_FILE = YES;
				IPHONEOS_DEPLOYMENT_TARGET = 18.4;
				MARKETING_VERSION = 1.0;
				PRODUCT_BUNDLE_IDENTIFIER = com.Campus.OnlineGroceryTests;
				PRODUCT_NAME = "$(TARGET_NAME)";
				SWIFT_EMIT_LOC_STRINGS = NO;
				SWIFT_VERSION = 5.0;
				TARGETED_DEVICE_FAMILY = "1,2";
				TEST_HOST = "$(BUILT_PRODUCTS_DIR)/OnlineGrocery.app/$(BUNDLE_EXECUTABLE_FOLDER_PATH)/OnlineGrocery";
			};
			name = Debug;
		};
		DBE33DF82DB5DC50006BEF93 /* Release */ = {
			isa = XCBuildConfiguration;
			buildSettings = {
				BUNDLE_LOADER = "$(TEST_HOST)";
				CODE_SIGN_STYLE = Automatic;
				CURRENT_PROJECT_VERSION = 1;
				GENERATE_INFOPLIST_FILE = YES;
				IPHONEOS_DEPLOYMENT_TARGET = 18.4;
				MARKETING_VERSION = 1.0;
				PRODUCT_BUNDLE_IDENTIFIER = com.Campus.OnlineGroceryTests;
				PRODUCT_NAME = "$(TARGET_NAME)";
				SWIFT_EMIT_LOC_STRINGS = NO;
				SWIFT_VERSION = 5.0;
				TARGETED_DEVICE_FAMILY = "1,2";
				TEST_HOST = "$(BUILT_PRODUCTS_DIR)/OnlineGrocery.app/$(BUNDLE_EXECUTABLE_FOLDER_PATH)/OnlineGrocery";
			};
			name = Release;
		};
		DBE33DFA2DB5DC50006BEF93 /* Debug */ = {
			isa = XCBuildConfiguration;
			buildSettings = {
				CODE_SIGN_STYLE = Automatic;
				CURRENT_PROJECT_VERSION = 1;
				GENERATE_INFOPLIST_FILE = YES;
				MARKETING_VERSION = 1.0;
				PRODUCT_BUNDLE_IDENTIFIER = com.Campus.OnlineGroceryUITests;
				PRODUCT_NAME = "$(TARGET_NAME)";
				SWIFT_EMIT_LOC_STRINGS = NO;
				SWIFT_VERSION = 5.0;
				TARGETED_DEVICE_FAMILY = "1,2";
				TEST_TARGET_NAME = OnlineGrocery;
			};
			name = Debug;
		};
		DBE33DFB2DB5DC50006BEF93 /* Release */ = {
			isa = XCBuildConfiguration;
			buildSettings = {
				CODE_SIGN_STYLE = Automatic;
				CURRENT_PROJECT_VERSION = 1;
				GENERATE_INFOPLIST_FILE = YES;
				MARKETING_VERSION = 1.0;
				PRODUCT_BUNDLE_IDENTIFIER = com.Campus.OnlineGroceryUITests;
				PRODUCT_NAME = "$(TARGET_NAME)";
				SWIFT_EMIT_LOC_STRINGS = NO;
				SWIFT_VERSION = 5.0;
				TARGETED_DEVICE_FAMILY = "1,2";
				TEST_TARGET_NAME = OnlineGrocery;
			};
			name = Release;
		};
/* End XCBuildConfiguration section */

/* Begin XCConfigurationList section */
		DBE33DCD2DB5DC4E006BEF93 /* Build configuration list for PBXProject "OnlineGrocery" */ = {
			isa = XCConfigurationList;
			buildConfigurations = (
				DBE33DF12DB5DC50006BEF93 /* Debug */,
				DBE33DF22DB5DC50006BEF93 /* Release */,
			);
			defaultConfigurationIsVisible = 0;
			defaultConfigurationName = Release;
		};
		DBE33DF32DB5DC50006BEF93 /* Build configuration list for PBXNativeTarget "OnlineGrocery" */ = {
			isa = XCConfigurationList;
			buildConfigurations = (
				DBE33DF42DB5DC50006BEF93 /* Debug */,
				DBE33DF52DB5DC50006BEF93 /* Release */,
			);
			defaultConfigurationIsVisible = 0;
			defaultConfigurationName = Release;
		};
		DBE33DF62DB5DC50006BEF93 /* Build configuration list for PBXNativeTarget "OnlineGroceryTests" */ = {
			isa = XCConfigurationList;
			buildConfigurations = (
				DBE33DF72DB5DC50006BEF93 /* Debug */,
				DBE33DF82DB5DC50006BEF93 /* Release */,
			);
			defaultConfigurationIsVisible = 0;
			defaultConfigurationName = Release;
		};
		DBE33DF92DB5DC50006BEF93 /* Build configuration list for PBXNativeTarget "OnlineGroceryUITests" */ = {
			isa = XCConfigurationList;
			buildConfigurations = (
				DBE33DFA2DB5DC50006BEF93 /* Debug */,
				DBE33DFB2DB5DC50006BEF93 /* Release */,
			);
			defaultConfigurationIsVisible = 0;
			defaultConfigurationName = Release;
		};
/* End XCConfigurationList section */
	};
	rootObject = DBE33DCA2DB5DC4E006BEF93 /* Project object */;
}
